// !$*UTF8*$!
{
	archiveVersion = 1;
	classes = {
	};
	objectVersion = 55;
	objects = {

/* Begin PBXBuildFile section */
		9F24394F28D2021C00356E7D /* RingBuffer in Frameworks */ = {isa = PBXBuildFile; productRef = 9F24394E28D2021C00356E7D /* RingBuffer */; };
		9F24395128D2591B00356E7D /* OpusPlayer in Frameworks */ = {isa = PBXBuildFile; productRef = 9F24395028D2591B00356E7D /* OpusPlayer */; };
		9F24CFDC28AD73600048A9FE /* ObjectsView.swift in Sources */ = {isa = PBXBuildFile; fileRef = 9F24CFDB28AD73600048A9FE /* ObjectsView.swift */; };
		9F24CFDE28AD78D20048A9FE /* BottomButtonsView.swift in Sources */ = {isa = PBXBuildFile; fileRef = 9F24CFDD28AD78D20048A9FE /* BottomButtonsView.swift */; };
		9F24CFE028AD798A0048A9FE /* MessagesView.swift in Sources */ = {isa = PBXBuildFile; fileRef = 9F24CFDF28AD798A0048A9FE /* MessagesView.swift */; };
		9F24CFE228AD7A720048A9FE /* SendView.swift in Sources */ = {isa = PBXBuildFile; fileRef = 9F24CFE128AD7A720048A9FE /* SendView.swift */; };
		9F24CFE428AD7CD80048A9FE /* FiltersView.swift in Sources */ = {isa = PBXBuildFile; fileRef = 9F24CFE328AD7CD80048A9FE /* FiltersView.swift */; };
		9F256C1128B1B468009BDE76 /* Shared in Frameworks */ = {isa = PBXBuildFile; productRef = 9F256C1028B1B468009BDE76 /* Shared */; };
		9F256C1328B1B468009BDE76 /* Vita in Frameworks */ = {isa = PBXBuildFile; productRef = 9F256C1228B1B468009BDE76 /* Vita */; };
		9F256C1528B1B468009BDE76 /* XCGWrapper in Frameworks */ = {isa = PBXBuildFile; productRef = 9F256C1428B1B468009BDE76 /* XCGWrapper */; };
		9F256C1728B1B468009BDE76 /* ClientView in Frameworks */ = {isa = PBXBuildFile; productRef = 9F256C1628B1B468009BDE76 /* ClientView */; };
		9F256C1928B1B468009BDE76 /* LoginView in Frameworks */ = {isa = PBXBuildFile; productRef = 9F256C1828B1B468009BDE76 /* LoginView */; };
		9F256C1B28B1B468009BDE76 /* LogView in Frameworks */ = {isa = PBXBuildFile; productRef = 9F256C1A28B1B468009BDE76 /* LogView */; };
		9F256C1D28B1B468009BDE76 /* PickerView in Frameworks */ = {isa = PBXBuildFile; productRef = 9F256C1C28B1B468009BDE76 /* PickerView */; };
		9F256C1F28B1B468009BDE76 /* Api6000 in Frameworks */ = {isa = PBXBuildFile; productRef = 9F256C1E28B1B468009BDE76 /* Api6000 */; };
		9F29E82E28AFE585009BE31C /* AtuView.swift in Sources */ = {isa = PBXBuildFile; fileRef = 9F29E82D28AFE585009BE31C /* AtuView.swift */; };
		9F29E83028AFE61C009BE31C /* GpsView.swift in Sources */ = {isa = PBXBuildFile; fileRef = 9F29E82F28AFE61C009BE31C /* GpsView.swift */; };
		9F29E83228AFE657009BE31C /* TnfView.swift in Sources */ = {isa = PBXBuildFile; fileRef = 9F29E83128AFE657009BE31C /* TnfView.swift */; };
		9F29E83428B00657009BE31C /* GuiClientView.swift in Sources */ = {isa = PBXBuildFile; fileRef = 9F29E83328B00657009BE31C /* GuiClientView.swift */; };
		9F29E83628B0095E009BE31C /* PanadapterView.swift in Sources */ = {isa = PBXBuildFile; fileRef = 9F29E83528B0095E009BE31C /* PanadapterView.swift */; };
		9F29E83C28B009F5009BE31C /* MeterView.swift in Sources */ = {isa = PBXBuildFile; fileRef = 9F29E83B28B009F5009BE31C /* MeterView.swift */; };
		9F29E83E28B00D4B009BE31C /* NonGuiClientView.swift in Sources */ = {isa = PBXBuildFile; fileRef = 9F29E83D28B00D4B009BE31C /* NonGuiClientView.swift */; };
		9F29E84128B00E4E009BE31C /* BandSettingView.swift in Sources */ = {isa = PBXBuildFile; fileRef = 9F29E83F28B00E4E009BE31C /* BandSettingView.swift */; };
		9F29E84228B00E4E009BE31C /* AmplifierView.swift in Sources */ = {isa = PBXBuildFile; fileRef = 9F29E84028B00E4E009BE31C /* AmplifierView.swift */; };
		9F29E84728B00F7B009BE31C /* EqualizerView.swift in Sources */ = {isa = PBXBuildFile; fileRef = 9F29E84328B00F7B009BE31C /* EqualizerView.swift */; };
		9F29E84828B00F7B009BE31C /* CwxView.swift in Sources */ = {isa = PBXBuildFile; fileRef = 9F29E84428B00F7B009BE31C /* CwxView.swift */; };
		9F29E84928B00F7B009BE31C /* MemoryView.swift in Sources */ = {isa = PBXBuildFile; fileRef = 9F29E84528B00F7B009BE31C /* MemoryView.swift */; };
		9F29E84A28B00F7B009BE31C /* InterlockView.swift in Sources */ = {isa = PBXBuildFile; fileRef = 9F29E84628B00F7B009BE31C /* InterlockView.swift */; };
		9F29E85228B011A5009BE31C /* ProfileView.swift in Sources */ = {isa = PBXBuildFile; fileRef = 9F29E84B28B011A5009BE31C /* ProfileView.swift */; };
		9F29E85328B011A5009BE31C /* XvtrView.swift in Sources */ = {isa = PBXBuildFile; fileRef = 9F29E84C28B011A5009BE31C /* XvtrView.swift */; };
		9F29E85428B011A5009BE31C /* StreamView.swift in Sources */ = {isa = PBXBuildFile; fileRef = 9F29E84D28B011A5009BE31C /* StreamView.swift */; };
		9F29E85528B011A5009BE31C /* UsbCableView.swift in Sources */ = {isa = PBXBuildFile; fileRef = 9F29E84E28B011A5009BE31C /* UsbCableView.swift */; };
		9F29E85628B011A5009BE31C /* TransmitView.swift in Sources */ = {isa = PBXBuildFile; fileRef = 9F29E84F28B011A5009BE31C /* TransmitView.swift */; };
		9F29E85728B011A5009BE31C /* WaveformView.swift in Sources */ = {isa = PBXBuildFile; fileRef = 9F29E85028B011A5009BE31C /* WaveformView.swift */; };
		9F29E85828B011A5009BE31C /* WanView.swift in Sources */ = {isa = PBXBuildFile; fileRef = 9F29E85128B011A5009BE31C /* WanView.swift */; };
		9F3A3C1428EB590D001C9E25 /* NetworkView.swift in Sources */ = {isa = PBXBuildFile; fileRef = 9F3A3C1328EB590D001C9E25 /* NetworkView.swift */; };
		9F5F4F02283321C5000E8145 /* Api6000TesterCApp.swift in Sources */ = {isa = PBXBuildFile; fileRef = 9F5F4F01283321C5000E8145 /* Api6000TesterCApp.swift */; };
		9F5F4F06283321C5000E8145 /* Assets.xcassets in Resources */ = {isa = PBXBuildFile; fileRef = 9F5F4F05283321C5000E8145 /* Assets.xcassets */; };
		9F5F4F09283321C5000E8145 /* Preview Assets.xcassets in Resources */ = {isa = PBXBuildFile; fileRef = 9F5F4F08283321C5000E8145 /* Preview Assets.xcassets */; };
		9F5F4F3E28332543000E8145 /* ApiCore.swift in Sources */ = {isa = PBXBuildFile; fileRef = 9F5F4F3A28332543000E8145 /* ApiCore.swift */; };
		9F5F4F3F28332543000E8145 /* ApiView.swift in Sources */ = {isa = PBXBuildFile; fileRef = 9F5F4F3B28332543000E8145 /* ApiView.swift */; };
		9F5F4F5928334322000E8145 /* TopButtonsView.swift in Sources */ = {isa = PBXBuildFile; fileRef = 9F5F4F5828334322000E8145 /* TopButtonsView.swift */; };
		9F7B060D28DE2DDD00BD867B /* MeterStreamView.swift in Sources */ = {isa = PBXBuildFile; fileRef = 9F7B060C28DE2DDD00BD867B /* MeterStreamView.swift */; };
		9F8B9B6628AD1CBB008E761F /* RadioView.swift in Sources */ = {isa = PBXBuildFile; fileRef = 9F8B9B4F28AD1CBB008E761F /* RadioView.swift */; };
/* End PBXBuildFile section */

/* Begin PBXFileReference section */
		9F24CFDB28AD73600048A9FE /* ObjectsView.swift */ = {isa = PBXFileReference; fileEncoding = 4; lastKnownFileType = sourcecode.swift; path = ObjectsView.swift; sourceTree = "<group>"; };
		9F24CFDD28AD78D20048A9FE /* BottomButtonsView.swift */ = {isa = PBXFileReference; fileEncoding = 4; lastKnownFileType = sourcecode.swift; path = BottomButtonsView.swift; sourceTree = "<group>"; };
		9F24CFDF28AD798A0048A9FE /* MessagesView.swift */ = {isa = PBXFileReference; fileEncoding = 4; lastKnownFileType = sourcecode.swift; path = MessagesView.swift; sourceTree = "<group>"; };
		9F24CFE128AD7A720048A9FE /* SendView.swift */ = {isa = PBXFileReference; fileEncoding = 4; lastKnownFileType = sourcecode.swift; path = SendView.swift; sourceTree = "<group>"; };
		9F24CFE328AD7CD80048A9FE /* FiltersView.swift */ = {isa = PBXFileReference; fileEncoding = 4; lastKnownFileType = sourcecode.swift; path = FiltersView.swift; sourceTree = "<group>"; };
		9F29E82D28AFE585009BE31C /* AtuView.swift */ = {isa = PBXFileReference; fileEncoding = 4; lastKnownFileType = sourcecode.swift; path = AtuView.swift; sourceTree = "<group>"; };
		9F29E82F28AFE61C009BE31C /* GpsView.swift */ = {isa = PBXFileReference; fileEncoding = 4; lastKnownFileType = sourcecode.swift; path = GpsView.swift; sourceTree = "<group>"; };
		9F29E83128AFE657009BE31C /* TnfView.swift */ = {isa = PBXFileReference; fileEncoding = 4; lastKnownFileType = sourcecode.swift; path = TnfView.swift; sourceTree = "<group>"; };
		9F29E83328B00657009BE31C /* GuiClientView.swift */ = {isa = PBXFileReference; fileEncoding = 4; lastKnownFileType = sourcecode.swift; name = GuiClientView.swift; path = "Api6000Tester-C/ObjectViewSubViews/GuiClientView.swift"; sourceTree = SOURCE_ROOT; };
		9F29E83528B0095E009BE31C /* PanadapterView.swift */ = {isa = PBXFileReference; fileEncoding = 4; lastKnownFileType = sourcecode.swift; path = PanadapterView.swift; sourceTree = "<group>"; };
		9F29E83B28B009F5009BE31C /* MeterView.swift */ = {isa = PBXFileReference; fileEncoding = 4; lastKnownFileType = sourcecode.swift; path = MeterView.swift; sourceTree = "<group>"; };
		9F29E83D28B00D4B009BE31C /* NonGuiClientView.swift */ = {isa = PBXFileReference; fileEncoding = 4; lastKnownFileType = sourcecode.swift; path = NonGuiClientView.swift; sourceTree = "<group>"; };
		9F29E83F28B00E4E009BE31C /* BandSettingView.swift */ = {isa = PBXFileReference; fileEncoding = 4; lastKnownFileType = sourcecode.swift; path = BandSettingView.swift; sourceTree = "<group>"; };
		9F29E84028B00E4E009BE31C /* AmplifierView.swift */ = {isa = PBXFileReference; fileEncoding = 4; lastKnownFileType = sourcecode.swift; path = AmplifierView.swift; sourceTree = "<group>"; };
		9F29E84328B00F7B009BE31C /* EqualizerView.swift */ = {isa = PBXFileReference; fileEncoding = 4; lastKnownFileType = sourcecode.swift; path = EqualizerView.swift; sourceTree = "<group>"; };
		9F29E84428B00F7B009BE31C /* CwxView.swift */ = {isa = PBXFileReference; fileEncoding = 4; lastKnownFileType = sourcecode.swift; path = CwxView.swift; sourceTree = "<group>"; };
		9F29E84528B00F7B009BE31C /* MemoryView.swift */ = {isa = PBXFileReference; fileEncoding = 4; lastKnownFileType = sourcecode.swift; path = MemoryView.swift; sourceTree = "<group>"; };
		9F29E84628B00F7B009BE31C /* InterlockView.swift */ = {isa = PBXFileReference; fileEncoding = 4; lastKnownFileType = sourcecode.swift; path = InterlockView.swift; sourceTree = "<group>"; };
		9F29E84B28B011A5009BE31C /* ProfileView.swift */ = {isa = PBXFileReference; fileEncoding = 4; lastKnownFileType = sourcecode.swift; path = ProfileView.swift; sourceTree = "<group>"; };
		9F29E84C28B011A5009BE31C /* XvtrView.swift */ = {isa = PBXFileReference; fileEncoding = 4; lastKnownFileType = sourcecode.swift; path = XvtrView.swift; sourceTree = "<group>"; };
		9F29E84D28B011A5009BE31C /* StreamView.swift */ = {isa = PBXFileReference; fileEncoding = 4; lastKnownFileType = sourcecode.swift; path = StreamView.swift; sourceTree = "<group>"; };
		9F29E84E28B011A5009BE31C /* UsbCableView.swift */ = {isa = PBXFileReference; fileEncoding = 4; lastKnownFileType = sourcecode.swift; path = UsbCableView.swift; sourceTree = "<group>"; };
		9F29E84F28B011A5009BE31C /* TransmitView.swift */ = {isa = PBXFileReference; fileEncoding = 4; lastKnownFileType = sourcecode.swift; path = TransmitView.swift; sourceTree = "<group>"; };
		9F29E85028B011A5009BE31C /* WaveformView.swift */ = {isa = PBXFileReference; fileEncoding = 4; lastKnownFileType = sourcecode.swift; path = WaveformView.swift; sourceTree = "<group>"; };
		9F29E85128B011A5009BE31C /* WanView.swift */ = {isa = PBXFileReference; fileEncoding = 4; lastKnownFileType = sourcecode.swift; path = WanView.swift; sourceTree = "<group>"; };
		9F3A3C1328EB590D001C9E25 /* NetworkView.swift */ = {isa = PBXFileReference; lastKnownFileType = sourcecode.swift; path = NetworkView.swift; sourceTree = "<group>"; };
		9F4286F428C2A7830030C091 /* ApiComponents */ = {isa = PBXFileReference; lastKnownFileType = wrapper; name = ApiComponents; path = ../Packages/ApiComponents; sourceTree = "<group>"; };
		9F4286F528C434280030C091 /* UtilityComponents */ = {isa = PBXFileReference; lastKnownFileType = wrapper; name = UtilityComponents; path = ../Packages/UtilityComponents; sourceTree = "<group>"; };
		9F4286F628C78DB80030C091 /* ViewComponents */ = {isa = PBXFileReference; lastKnownFileType = wrapper; name = ViewComponents; path = ../Packages/ViewComponents; sourceTree = "<group>"; };
		9F5F4EFE283321C5000E8145 /* Api6000Tester-C.app */ = {isa = PBXFileReference; explicitFileType = wrapper.application; includeInIndex = 0; path = "Api6000Tester-C.app"; sourceTree = BUILT_PRODUCTS_DIR; };
		9F5F4F01283321C5000E8145 /* Api6000TesterCApp.swift */ = {isa = PBXFileReference; lastKnownFileType = sourcecode.swift; path = Api6000TesterCApp.swift; sourceTree = "<group>"; };
		9F5F4F05283321C5000E8145 /* Assets.xcassets */ = {isa = PBXFileReference; lastKnownFileType = folder.assetcatalog; path = Assets.xcassets; sourceTree = "<group>"; };
		9F5F4F08283321C5000E8145 /* Preview Assets.xcassets */ = {isa = PBXFileReference; lastKnownFileType = folder.assetcatalog; path = "Preview Assets.xcassets"; sourceTree = "<group>"; };
		9F5F4F0A283321C5000E8145 /* Api6000Tester-C.entitlements */ = {isa = PBXFileReference; lastKnownFileType = text.plist.entitlements; path = "Api6000Tester-C.entitlements"; sourceTree = "<group>"; };
		9F5F4F3A28332543000E8145 /* ApiCore.swift */ = {isa = PBXFileReference; fileEncoding = 4; lastKnownFileType = sourcecode.swift; path = ApiCore.swift; sourceTree = "<group>"; };
		9F5F4F3B28332543000E8145 /* ApiView.swift */ = {isa = PBXFileReference; fileEncoding = 4; lastKnownFileType = sourcecode.swift; path = ApiView.swift; sourceTree = "<group>"; };
		9F5F4F5828334322000E8145 /* TopButtonsView.swift */ = {isa = PBXFileReference; lastKnownFileType = sourcecode.swift; path = TopButtonsView.swift; sourceTree = "<group>"; };
		9F5F4F8928334695000E8145 /* Info.plist */ = {isa = PBXFileReference; lastKnownFileType = text.plist; path = Info.plist; sourceTree = "<group>"; };
		9F7B060C28DE2DDD00BD867B /* MeterStreamView.swift */ = {isa = PBXFileReference; lastKnownFileType = sourcecode.swift; path = MeterStreamView.swift; sourceTree = "<group>"; };
		9F8B9B4F28AD1CBB008E761F /* RadioView.swift */ = {isa = PBXFileReference; fileEncoding = 4; lastKnownFileType = sourcecode.swift; path = RadioView.swift; sourceTree = "<group>"; };
/* End PBXFileReference section */

/* Begin PBXFrameworksBuildPhase section */
		9F5F4EFB283321C5000E8145 /* Frameworks */ = {
			isa = PBXFrameworksBuildPhase;
			buildActionMask = 2147483647;
			files = (
				9F256C1B28B1B468009BDE76 /* LogView in Frameworks */,
				9F256C1728B1B468009BDE76 /* ClientView in Frameworks */,
				9F256C1328B1B468009BDE76 /* Vita in Frameworks */,
				9F256C1528B1B468009BDE76 /* XCGWrapper in Frameworks */,
				9F256C1D28B1B468009BDE76 /* PickerView in Frameworks */,
				9F256C1928B1B468009BDE76 /* LoginView in Frameworks */,
				9F24394F28D2021C00356E7D /* RingBuffer in Frameworks */,
				9F256C1128B1B468009BDE76 /* Shared in Frameworks */,
				9F24395128D2591B00356E7D /* OpusPlayer in Frameworks */,
				9F256C1F28B1B468009BDE76 /* Api6000 in Frameworks */,
			);
			runOnlyForDeploymentPostprocessing = 0;
		};
/* End PBXFrameworksBuildPhase section */

/* Begin PBXGroup section */
		9F5F4EF5283321C5000E8145 = {
			isa = PBXGroup;
			children = (
				9F4286F628C78DB80030C091 /* ViewComponents */,
				9F4286F528C434280030C091 /* UtilityComponents */,
				9F4286F428C2A7830030C091 /* ApiComponents */,
				9F5F4F00283321C5000E8145 /* Api6000Tester-C */,
				9F5F4EFF283321C5000E8145 /* Products */,
				9F8B9B2D28AD1C28008E761F /* Frameworks */,
			);
			sourceTree = "<group>";
		};
		9F5F4EFF283321C5000E8145 /* Products */ = {
			isa = PBXGroup;
			children = (
				9F5F4EFE283321C5000E8145 /* Api6000Tester-C.app */,
			);
			name = Products;
			sourceTree = "<group>";
		};
		9F5F4F00283321C5000E8145 /* Api6000Tester-C */ = {
			isa = PBXGroup;
			children = (
				9F5F4F8928334695000E8145 /* Info.plist */,
				9F5F4F3A28332543000E8145 /* ApiCore.swift */,
				9F5F4F3B28332543000E8145 /* ApiView.swift */,
				9F5F4F8A28334778000E8145 /* SubViews */,
				9F5F4F8B283347B0000E8145 /* ObjectViewSubViews */,
				9F5F4F01283321C5000E8145 /* Api6000TesterCApp.swift */,
				9F5F4F05283321C5000E8145 /* Assets.xcassets */,
				9F5F4F0A283321C5000E8145 /* Api6000Tester-C.entitlements */,
				9F5F4F07283321C5000E8145 /* Preview Content */,
			);
			path = "Api6000Tester-C";
			sourceTree = "<group>";
		};
		9F5F4F07283321C5000E8145 /* Preview Content */ = {
			isa = PBXGroup;
			children = (
				9F5F4F08283321C5000E8145 /* Preview Assets.xcassets */,
			);
			path = "Preview Content";
			sourceTree = "<group>";
		};
		9F5F4F8A28334778000E8145 /* SubViews */ = {
			isa = PBXGroup;
			children = (
				9F24CFDD28AD78D20048A9FE /* BottomButtonsView.swift */,
				9F24CFE328AD7CD80048A9FE /* FiltersView.swift */,
				9F24CFDF28AD798A0048A9FE /* MessagesView.swift */,
				9F24CFDB28AD73600048A9FE /* ObjectsView.swift */,
				9F24CFE128AD7A720048A9FE /* SendView.swift */,
				9F5F4F5828334322000E8145 /* TopButtonsView.swift */,
			);
			path = SubViews;
			sourceTree = "<group>";
		};
		9F5F4F8B283347B0000E8145 /* ObjectViewSubViews */ = {
			isa = PBXGroup;
			children = (
				9F29E84028B00E4E009BE31C /* AmplifierView.swift */,
				9F29E82D28AFE585009BE31C /* AtuView.swift */,
				9F29E83F28B00E4E009BE31C /* BandSettingView.swift */,
				9F29E84428B00F7B009BE31C /* CwxView.swift */,
				9F29E84328B00F7B009BE31C /* EqualizerView.swift */,
				9F29E82F28AFE61C009BE31C /* GpsView.swift */,
				9F29E83328B00657009BE31C /* GuiClientView.swift */,
				9F29E84628B00F7B009BE31C /* InterlockView.swift */,
				9F29E84528B00F7B009BE31C /* MemoryView.swift */,
				9F7B060C28DE2DDD00BD867B /* MeterStreamView.swift */,
				9F29E83B28B009F5009BE31C /* MeterView.swift */,
				9F3A3C1328EB590D001C9E25 /* NetworkView.swift */,
				9F29E83D28B00D4B009BE31C /* NonGuiClientView.swift */,
				9F29E83528B0095E009BE31C /* PanadapterView.swift */,
				9F29E84B28B011A5009BE31C /* ProfileView.swift */,
				9F8B9B4F28AD1CBB008E761F /* RadioView.swift */,
				9F29E84D28B011A5009BE31C /* StreamView.swift */,
				9F29E83128AFE657009BE31C /* TnfView.swift */,
				9F29E84F28B011A5009BE31C /* TransmitView.swift */,
				9F29E84E28B011A5009BE31C /* UsbCableView.swift */,
				9F29E85128B011A5009BE31C /* WanView.swift */,
				9F29E85028B011A5009BE31C /* WaveformView.swift */,
				9F29E84C28B011A5009BE31C /* XvtrView.swift */,
			);
			path = ObjectViewSubViews;
			sourceTree = "<group>";
		};
		9F8B9B2D28AD1C28008E761F /* Frameworks */ = {
			isa = PBXGroup;
			children = (
			);
			name = Frameworks;
			sourceTree = "<group>";
		};
/* End PBXGroup section */

/* Begin PBXNativeTarget section */
		9F5F4EFD283321C5000E8145 /* Api6000Tester-C */ = {
			isa = PBXNativeTarget;
			buildConfigurationList = 9F5F4F0D283321C5000E8145 /* Build configuration list for PBXNativeTarget "Api6000Tester-C" */;
			buildPhases = (
				9F5F4EFA283321C5000E8145 /* Sources */,
				9F5F4EFB283321C5000E8145 /* Frameworks */,
				9F5F4EFC283321C5000E8145 /* Resources */,
			);
			buildRules = (
			);
			dependencies = (
			);
			name = "Api6000Tester-C";
			packageProductDependencies = (
				9F256C1028B1B468009BDE76 /* Shared */,
				9F256C1228B1B468009BDE76 /* Vita */,
				9F256C1428B1B468009BDE76 /* XCGWrapper */,
				9F256C1628B1B468009BDE76 /* ClientView */,
				9F256C1828B1B468009BDE76 /* LoginView */,
				9F256C1A28B1B468009BDE76 /* LogView */,
				9F256C1C28B1B468009BDE76 /* PickerView */,
				9F256C1E28B1B468009BDE76 /* Api6000 */,
				9F24394E28D2021C00356E7D /* RingBuffer */,
				9F24395028D2591B00356E7D /* OpusPlayer */,
			);
			productName = Api6000Tester;
			productReference = 9F5F4EFE283321C5000E8145 /* Api6000Tester-C.app */;
			productType = "com.apple.product-type.application";
		};
/* End PBXNativeTarget section */

/* Begin PBXProject section */
		9F5F4EF6283321C5000E8145 /* Project object */ = {
			isa = PBXProject;
			attributes = {
				BuildIndependentTargetsInParallel = 1;
				LastSwiftUpdateCheck = 1330;
				LastUpgradeCheck = 1400;
				TargetAttributes = {
					9F5F4EFD283321C5000E8145 = {
						CreatedOnToolsVersion = 13.3.1;
					};
				};
			};
			buildConfigurationList = 9F5F4EF9283321C5000E8145 /* Build configuration list for PBXProject "Api6000Tester-C" */;
			compatibilityVersion = "Xcode 13.0";
			developmentRegion = en;
			hasScannedForEncodings = 0;
			knownRegions = (
				en,
				Base,
			);
			mainGroup = 9F5F4EF5283321C5000E8145;
			packageReferences = (
				9F5F4F12283322E6000E8145 /* XCRemoteSwiftPackageReference "swift-composable-architecture" */,
				9F24CFAC28AD48980048A9FE /* XCRemoteSwiftPackageReference "UtilityComponents" */,
				9F24CFB728AD48B50048A9FE /* XCRemoteSwiftPackageReference "ViewComponents" */,
				9F24CFC228AD4ADE0048A9FE /* XCRemoteSwiftPackageReference "ApiComponents" */,
			);
			productRefGroup = 9F5F4EFF283321C5000E8145 /* Products */;
			projectDirPath = "";
			projectRoot = "";
			targets = (
				9F5F4EFD283321C5000E8145 /* Api6000Tester-C */,
			);
		};
/* End PBXProject section */

/* Begin PBXResourcesBuildPhase section */
		9F5F4EFC283321C5000E8145 /* Resources */ = {
			isa = PBXResourcesBuildPhase;
			buildActionMask = 2147483647;
			files = (
				9F5F4F09283321C5000E8145 /* Preview Assets.xcassets in Resources */,
				9F5F4F06283321C5000E8145 /* Assets.xcassets in Resources */,
			);
			runOnlyForDeploymentPostprocessing = 0;
		};
/* End PBXResourcesBuildPhase section */

/* Begin PBXSourcesBuildPhase section */
		9F5F4EFA283321C5000E8145 /* Sources */ = {
			isa = PBXSourcesBuildPhase;
			buildActionMask = 2147483647;
			files = (
				9F29E84128B00E4E009BE31C /* BandSettingView.swift in Sources */,
				9F29E85228B011A5009BE31C /* ProfileView.swift in Sources */,
				9F5F4F5928334322000E8145 /* TopButtonsView.swift in Sources */,
				9F24CFDE28AD78D20048A9FE /* BottomButtonsView.swift in Sources */,
				9F24CFE028AD798A0048A9FE /* MessagesView.swift in Sources */,
				9F29E83E28B00D4B009BE31C /* NonGuiClientView.swift in Sources */,
				9F29E84728B00F7B009BE31C /* EqualizerView.swift in Sources */,
				9F29E83428B00657009BE31C /* GuiClientView.swift in Sources */,
				9F29E85328B011A5009BE31C /* XvtrView.swift in Sources */,
				9F24CFDC28AD73600048A9FE /* ObjectsView.swift in Sources */,
				9F24CFE428AD7CD80048A9FE /* FiltersView.swift in Sources */,
				9F29E83228AFE657009BE31C /* TnfView.swift in Sources */,
				9F8B9B6628AD1CBB008E761F /* RadioView.swift in Sources */,
				9F5F4F3F28332543000E8145 /* ApiView.swift in Sources */,
				9F29E85828B011A5009BE31C /* WanView.swift in Sources */,
				9F29E85728B011A5009BE31C /* WaveformView.swift in Sources */,
				9F29E85528B011A5009BE31C /* UsbCableView.swift in Sources */,
				9F3A3C1428EB590D001C9E25 /* NetworkView.swift in Sources */,
				9F29E84828B00F7B009BE31C /* CwxView.swift in Sources */,
				9F7B060D28DE2DDD00BD867B /* MeterStreamView.swift in Sources */,
				9F29E83028AFE61C009BE31C /* GpsView.swift in Sources */,
				9F29E83628B0095E009BE31C /* PanadapterView.swift in Sources */,
				9F29E85628B011A5009BE31C /* TransmitView.swift in Sources */,
				9F5F4F02283321C5000E8145 /* Api6000TesterCApp.swift in Sources */,
				9F29E82E28AFE585009BE31C /* AtuView.swift in Sources */,
				9F29E83C28B009F5009BE31C /* MeterView.swift in Sources */,
				9F24CFE228AD7A720048A9FE /* SendView.swift in Sources */,
				9F29E84A28B00F7B009BE31C /* InterlockView.swift in Sources */,
				9F29E84928B00F7B009BE31C /* MemoryView.swift in Sources */,
				9F29E85428B011A5009BE31C /* StreamView.swift in Sources */,
				9F29E84228B00E4E009BE31C /* AmplifierView.swift in Sources */,
				9F5F4F3E28332543000E8145 /* ApiCore.swift in Sources */,
			);
			runOnlyForDeploymentPostprocessing = 0;
		};
/* End PBXSourcesBuildPhase section */

/* Begin XCBuildConfiguration section */
		9F5F4F0B283321C5000E8145 /* Debug */ = {
			isa = XCBuildConfiguration;
			buildSettings = {
				ALWAYS_SEARCH_USER_PATHS = NO;
				CLANG_ANALYZER_NONNULL = YES;
				CLANG_ANALYZER_NUMBER_OBJECT_CONVERSION = YES_AGGRESSIVE;
				CLANG_CXX_LANGUAGE_STANDARD = "gnu++17";
				CLANG_ENABLE_MODULES = YES;
				CLANG_ENABLE_OBJC_ARC = YES;
				CLANG_ENABLE_OBJC_WEAK = YES;
				CLANG_WARN_BLOCK_CAPTURE_AUTORELEASING = YES;
				CLANG_WARN_BOOL_CONVERSION = YES;
				CLANG_WARN_COMMA = YES;
				CLANG_WARN_CONSTANT_CONVERSION = YES;
				CLANG_WARN_DEPRECATED_OBJC_IMPLEMENTATIONS = YES;
				CLANG_WARN_DIRECT_OBJC_ISA_USAGE = YES_ERROR;
				CLANG_WARN_DOCUMENTATION_COMMENTS = YES;
				CLANG_WARN_EMPTY_BODY = YES;
				CLANG_WARN_ENUM_CONVERSION = YES;
				CLANG_WARN_INFINITE_RECURSION = YES;
				CLANG_WARN_INT_CONVERSION = YES;
				CLANG_WARN_NON_LITERAL_NULL_CONVERSION = YES;
				CLANG_WARN_OBJC_IMPLICIT_RETAIN_SELF = YES;
				CLANG_WARN_OBJC_LITERAL_CONVERSION = YES;
				CLANG_WARN_OBJC_ROOT_CLASS = YES_ERROR;
				CLANG_WARN_QUOTED_INCLUDE_IN_FRAMEWORK_HEADER = YES;
				CLANG_WARN_RANGE_LOOP_ANALYSIS = YES;
				CLANG_WARN_STRICT_PROTOTYPES = YES;
				CLANG_WARN_SUSPICIOUS_MOVE = YES;
				CLANG_WARN_UNGUARDED_AVAILABILITY = YES_AGGRESSIVE;
				CLANG_WARN_UNREACHABLE_CODE = YES;
				CLANG_WARN__DUPLICATE_METHOD_MATCH = YES;
				COPY_PHASE_STRIP = NO;
				DEAD_CODE_STRIPPING = YES;
				DEBUG_INFORMATION_FORMAT = dwarf;
				ENABLE_STRICT_OBJC_MSGSEND = YES;
				ENABLE_TESTABILITY = YES;
				GCC_C_LANGUAGE_STANDARD = gnu11;
				GCC_DYNAMIC_NO_PIC = NO;
				GCC_NO_COMMON_BLOCKS = YES;
				GCC_OPTIMIZATION_LEVEL = 0;
				GCC_PREPROCESSOR_DEFINITIONS = (
					"DEBUG=1",
					"$(inherited)",
				);
				GCC_WARN_64_TO_32_BIT_CONVERSION = YES;
				GCC_WARN_ABOUT_RETURN_TYPE = YES_ERROR;
				GCC_WARN_UNDECLARED_SELECTOR = YES;
				GCC_WARN_UNINITIALIZED_AUTOS = YES_AGGRESSIVE;
				GCC_WARN_UNUSED_FUNCTION = YES;
				GCC_WARN_UNUSED_VARIABLE = YES;
				MACOSX_DEPLOYMENT_TARGET = 12.3;
				MTL_ENABLE_DEBUG_INFO = INCLUDE_SOURCE;
				MTL_FAST_MATH = YES;
				ONLY_ACTIVE_ARCH = YES;
				SDKROOT = macosx;
				SWIFT_ACTIVE_COMPILATION_CONDITIONS = DEBUG;
				SWIFT_OPTIMIZATION_LEVEL = "-Onone";
			};
			name = Debug;
		};
		9F5F4F0C283321C5000E8145 /* Release */ = {
			isa = XCBuildConfiguration;
			buildSettings = {
				ALWAYS_SEARCH_USER_PATHS = NO;
				CLANG_ANALYZER_NONNULL = YES;
				CLANG_ANALYZER_NUMBER_OBJECT_CONVERSION = YES_AGGRESSIVE;
				CLANG_CXX_LANGUAGE_STANDARD = "gnu++17";
				CLANG_ENABLE_MODULES = YES;
				CLANG_ENABLE_OBJC_ARC = YES;
				CLANG_ENABLE_OBJC_WEAK = YES;
				CLANG_WARN_BLOCK_CAPTURE_AUTORELEASING = YES;
				CLANG_WARN_BOOL_CONVERSION = YES;
				CLANG_WARN_COMMA = YES;
				CLANG_WARN_CONSTANT_CONVERSION = YES;
				CLANG_WARN_DEPRECATED_OBJC_IMPLEMENTATIONS = YES;
				CLANG_WARN_DIRECT_OBJC_ISA_USAGE = YES_ERROR;
				CLANG_WARN_DOCUMENTATION_COMMENTS = YES;
				CLANG_WARN_EMPTY_BODY = YES;
				CLANG_WARN_ENUM_CONVERSION = YES;
				CLANG_WARN_INFINITE_RECURSION = YES;
				CLANG_WARN_INT_CONVERSION = YES;
				CLANG_WARN_NON_LITERAL_NULL_CONVERSION = YES;
				CLANG_WARN_OBJC_IMPLICIT_RETAIN_SELF = YES;
				CLANG_WARN_OBJC_LITERAL_CONVERSION = YES;
				CLANG_WARN_OBJC_ROOT_CLASS = YES_ERROR;
				CLANG_WARN_QUOTED_INCLUDE_IN_FRAMEWORK_HEADER = YES;
				CLANG_WARN_RANGE_LOOP_ANALYSIS = YES;
				CLANG_WARN_STRICT_PROTOTYPES = YES;
				CLANG_WARN_SUSPICIOUS_MOVE = YES;
				CLANG_WARN_UNGUARDED_AVAILABILITY = YES_AGGRESSIVE;
				CLANG_WARN_UNREACHABLE_CODE = YES;
				CLANG_WARN__DUPLICATE_METHOD_MATCH = YES;
				COPY_PHASE_STRIP = NO;
				DEAD_CODE_STRIPPING = YES;
				DEBUG_INFORMATION_FORMAT = "dwarf-with-dsym";
				ENABLE_NS_ASSERTIONS = NO;
				ENABLE_STRICT_OBJC_MSGSEND = YES;
				GCC_C_LANGUAGE_STANDARD = gnu11;
				GCC_NO_COMMON_BLOCKS = YES;
				GCC_WARN_64_TO_32_BIT_CONVERSION = YES;
				GCC_WARN_ABOUT_RETURN_TYPE = YES_ERROR;
				GCC_WARN_UNDECLARED_SELECTOR = YES;
				GCC_WARN_UNINITIALIZED_AUTOS = YES_AGGRESSIVE;
				GCC_WARN_UNUSED_FUNCTION = YES;
				GCC_WARN_UNUSED_VARIABLE = YES;
				MACOSX_DEPLOYMENT_TARGET = 12.3;
				MTL_ENABLE_DEBUG_INFO = NO;
				MTL_FAST_MATH = YES;
				SDKROOT = macosx;
				SWIFT_COMPILATION_MODE = wholemodule;
				SWIFT_OPTIMIZATION_LEVEL = "-O";
			};
			name = Release;
		};
		9F5F4F0E283321C5000E8145 /* Debug */ = {
			isa = XCBuildConfiguration;
			buildSettings = {
				ASSETCATALOG_COMPILER_APPICON_NAME = AppIcon;
				ASSETCATALOG_COMPILER_GLOBAL_ACCENT_COLOR_NAME = AccentColor;
				CODE_SIGN_ENTITLEMENTS = "Api6000Tester-C/Api6000Tester-C.entitlements";
				CODE_SIGN_IDENTITY = "Apple Development";
				CODE_SIGN_STYLE = Automatic;
				COMBINE_HIDPI_IMAGES = YES;
				CURRENT_PROJECT_VERSION = 1;
				DEAD_CODE_STRIPPING = YES;
				DEVELOPMENT_ASSET_PATHS = "\"Api6000Tester-C/Preview Content\"";
				DEVELOPMENT_TEAM = EE5B8TYXGA;
				ENABLE_HARDENED_RUNTIME = YES;
				ENABLE_PREVIEWS = YES;
				GENERATE_INFOPLIST_FILE = YES;
				INFOPLIST_FILE = "Api6000Tester-C/Info.plist";
				INFOPLIST_KEY_LSApplicationCategoryType = "public.app-category.utilities";
				INFOPLIST_KEY_NSHumanReadableCopyright = "";
				LD_RUNPATH_SEARCH_PATHS = (
					"$(inherited)",
					"@executable_path/../Frameworks",
				);
				MARKETING_VERSION = 4.8;
				PRODUCT_BUNDLE_IDENTIFIER = "net.k3tzr.Api6000Tester-C";
				PRODUCT_NAME = "$(TARGET_NAME)";
				SWIFT_EMIT_LOC_STRINGS = YES;
				SWIFT_VERSION = 5.0;
			};
			name = Debug;
		};
		9F5F4F0F283321C5000E8145 /* Release */ = {
			isa = XCBuildConfiguration;
			buildSettings = {
				ASSETCATALOG_COMPILER_APPICON_NAME = AppIcon;
				ASSETCATALOG_COMPILER_GLOBAL_ACCENT_COLOR_NAME = AccentColor;
				CODE_SIGN_ENTITLEMENTS = "Api6000Tester-C/Api6000Tester-C.entitlements";
				CODE_SIGN_IDENTITY = "Apple Development";
				CODE_SIGN_STYLE = Automatic;
				COMBINE_HIDPI_IMAGES = YES;
				CURRENT_PROJECT_VERSION = 1;
				DEAD_CODE_STRIPPING = YES;
				DEVELOPMENT_ASSET_PATHS = "\"Api6000Tester-C/Preview Content\"";
				DEVELOPMENT_TEAM = EE5B8TYXGA;
				ENABLE_HARDENED_RUNTIME = YES;
				ENABLE_PREVIEWS = YES;
				GENERATE_INFOPLIST_FILE = YES;
				INFOPLIST_FILE = "Api6000Tester-C/Info.plist";
				INFOPLIST_KEY_LSApplicationCategoryType = "public.app-category.utilities";
				INFOPLIST_KEY_NSHumanReadableCopyright = "";
				LD_RUNPATH_SEARCH_PATHS = (
					"$(inherited)",
					"@executable_path/../Frameworks",
				);
				MARKETING_VERSION = 4.8;
				PRODUCT_BUNDLE_IDENTIFIER = "net.k3tzr.Api6000Tester-C";
				PRODUCT_NAME = "$(TARGET_NAME)";
				SWIFT_EMIT_LOC_STRINGS = YES;
				SWIFT_VERSION = 5.0;
			};
			name = Release;
		};
/* End XCBuildConfiguration section */

/* Begin XCConfigurationList section */
		9F5F4EF9283321C5000E8145 /* Build configuration list for PBXProject "Api6000Tester-C" */ = {
			isa = XCConfigurationList;
			buildConfigurations = (
				9F5F4F0B283321C5000E8145 /* Debug */,
				9F5F4F0C283321C5000E8145 /* Release */,
			);
			defaultConfigurationIsVisible = 0;
			defaultConfigurationName = Release;
		};
		9F5F4F0D283321C5000E8145 /* Build configuration list for PBXNativeTarget "Api6000Tester-C" */ = {
			isa = XCConfigurationList;
			buildConfigurations = (
				9F5F4F0E283321C5000E8145 /* Debug */,
				9F5F4F0F283321C5000E8145 /* Release */,
			);
			defaultConfigurationIsVisible = 0;
			defaultConfigurationName = Release;
		};
/* End XCConfigurationList section */

/* Begin XCRemoteSwiftPackageReference section */
		9F24CFAC28AD48980048A9FE /* XCRemoteSwiftPackageReference "UtilityComponents" */ = {
			isa = XCRemoteSwiftPackageReference;
			repositoryURL = "https://github.com/K3TZR/UtilityComponents";
			requirement = {
				branch = "mainactors+comp";
				kind = branch;
			};
		};
		9F24CFB728AD48B50048A9FE /* XCRemoteSwiftPackageReference "ViewComponents" */ = {
			isa = XCRemoteSwiftPackageReference;
			repositoryURL = "https://github.com/K3TZR/ViewComponents.git";
			requirement = {
				branch = "mainactors+comp";
				kind = branch;
			};
		};
		9F24CFC228AD4ADE0048A9FE /* XCRemoteSwiftPackageReference "ApiComponents" */ = {
			isa = XCRemoteSwiftPackageReference;
			repositoryURL = "https://github.com/K3TZR/ApiComponents.git";
			requirement = {
				branch = "mainactors+comp";
				kind = branch;
			};
		};
		9F5F4F12283322E6000E8145 /* XCRemoteSwiftPackageReference "swift-composable-architecture" */ = {
			isa = XCRemoteSwiftPackageReference;
			repositoryURL = "https://github.com/pointfreeco/swift-composable-architecture.git";
			requirement = {
				kind = upToNextMajorVersion;
				minimumVersion = 0.39.0;
			};
		};
/* End XCRemoteSwiftPackageReference section */

/* Begin XCSwiftPackageProductDependency section */
		9F24394E28D2021C00356E7D /* RingBuffer */ = {
			isa = XCSwiftPackageProductDependency;
			productName = RingBuffer;
		};
		9F24395028D2591B00356E7D /* OpusPlayer */ = {
			isa = XCSwiftPackageProductDependency;
			productName = OpusPlayer;
		};
		9F256C1028B1B468009BDE76 /* Shared */ = {
			isa = XCSwiftPackageProductDependency;
			package = 9F24CFAC28AD48980048A9FE /* XCRemoteSwiftPackageReference "UtilityComponents" */;
			productName = Shared;
		};
		9F256C1228B1B468009BDE76 /* Vita */ = {
			isa = XCSwiftPackageProductDependency;
			package = 9F24CFAC28AD48980048A9FE /* XCRemoteSwiftPackageReference "UtilityComponents" */;
			productName = Vita;
		};
		9F256C1428B1B468009BDE76 /* XCGWrapper */ = {
			isa = XCSwiftPackageProductDependency;
			package = 9F24CFAC28AD48980048A9FE /* XCRemoteSwiftPackageReference "UtilityComponents" */;
			productName = XCGWrapper;
		};
		9F256C1628B1B468009BDE76 /* ClientView */ = {
			isa = XCSwiftPackageProductDependency;
			package = 9F24CFB728AD48B50048A9FE /* XCRemoteSwiftPackageReference "ViewComponents" */;
			productName = ClientView;
		};
		9F256C1828B1B468009BDE76 /* LoginView */ = {
			isa = XCSwiftPackageProductDependency;
			package = 9F24CFB728AD48B50048A9FE /* XCRemoteSwiftPackageReference "ViewComponents" */;
			productName = LoginView;
		};
		9F256C1A28B1B468009BDE76 /* LogView */ = {
			isa = XCSwiftPackageProductDependency;
			package = 9F24CFB728AD48B50048A9FE /* XCRemoteSwiftPackageReference "ViewComponents" */;
			productName = LogView;
		};
		9F256C1C28B1B468009BDE76 /* PickerView */ = {
			isa = XCSwiftPackageProductDependency;
			package = 9F24CFB728AD48B50048A9FE /* XCRemoteSwiftPackageReference "ViewComponents" */;
			productName = PickerView;
		};
		9F256C1E28B1B468009BDE76 /* Api6000 */ = {
			isa = XCSwiftPackageProductDependency;
			package = 9F24CFC228AD4ADE0048A9FE /* XCRemoteSwiftPackageReference "ApiComponents" */;
			productName = Api6000;
		};
/* End XCSwiftPackageProductDependency section */
	};
	rootObject = 9F5F4EF6283321C5000E8145 /* Project object */;
}
